// !$*UTF8*$!
{
	archiveVersion = 1;
	classes = {
	};
	objectVersion = 55;
	objects = {

/* Begin PBXBuildFile section */
		C402AABF27945CF2003FC118 /* BlurView.swift in Sources */ = {isa = PBXBuildFile; fileRef = C402AABE27945CF2003FC118 /* BlurView.swift */; };
		C40DB11A27943DD9002BFBA9 /* PostList.swift in Sources */ = {isa = PBXBuildFile; fileRef = C40DB11927943DD9002BFBA9 /* PostList.swift */; };
		C40DB11C2794407E002BFBA9 /* DataStore.swift in Sources */ = {isa = PBXBuildFile; fileRef = C40DB11B2794407E002BFBA9 /* DataStore.swift */; };
		C40DB11F2794478D002BFBA9 /* Contentful in Frameworks */ = {isa = PBXBuildFile; productRef = C40DB11E2794478D002BFBA9 /* Contentful */; };
		C40DB12127944D9D002BFBA9 /* CourseStore.swift in Sources */ = {isa = PBXBuildFile; fileRef = C40DB12027944D9D002BFBA9 /* CourseStore.swift */; };
		C40DB1242794574C002BFBA9 /* SDWebImageSwiftUI in Frameworks */ = {isa = PBXBuildFile; productRef = C40DB1232794574C002BFBA9 /* SDWebImageSwiftUI */; };
		C421618F279736E200055754 /* LoginView.swift in Sources */ = {isa = PBXBuildFile; fileRef = C421618E279736E200055754 /* LoginView.swift */; };
		C421619327974C5500055754 /* loading.json in Resources */ = {isa = PBXBuildFile; fileRef = C421619127974C5400055754 /* loading.json */; };
		C421619427974C5500055754 /* success.json in Resources */ = {isa = PBXBuildFile; fileRef = C421619227974C5400055754 /* success.json */; };
		C421619727974C7600055754 /* Lottie in Frameworks */ = {isa = PBXBuildFile; productRef = C421619627974C7600055754 /* Lottie */; };
		C421619927974CA600055754 /* LottieView.swift in Sources */ = {isa = PBXBuildFile; fileRef = C421619827974CA600055754 /* LottieView.swift */; };
		C421619B27974E9B00055754 /* LoadingView.swift in Sources */ = {isa = PBXBuildFile; fileRef = C421619A27974E9B00055754 /* LoadingView.swift */; };
		C421619D2797527100055754 /* SuccessView.swift in Sources */ = {isa = PBXBuildFile; fileRef = C421619C2797527100055754 /* SuccessView.swift */; };
		C433A892277DE1E00044DC7F /* HomeView.swift in Sources */ = {isa = PBXBuildFile; fileRef = C433A891277DE1E00044DC7F /* HomeView.swift */; };
		C433A894277DF2020044DC7F /* UpdateList.swift in Sources */ = {isa = PBXBuildFile; fileRef = C433A893277DF2020044DC7F /* UpdateList.swift */; };
		C433A896277DFA0E0044DC7F /* UpdateDetail.swift in Sources */ = {isa = PBXBuildFile; fileRef = C433A895277DFA0E0044DC7F /* UpdateDetail.swift */; };
		C433A898277DFCA90044DC7F /* UpdateStore.swift in Sources */ = {isa = PBXBuildFile; fileRef = C433A897277DFCA90044DC7F /* UpdateStore.swift */; };
		C433A89A277E04BE0044DC7F /* TabBar.swift in Sources */ = {isa = PBXBuildFile; fileRef = C433A899277E04BE0044DC7F /* TabBar.swift */; };
		C433A89C2786145A0044DC7F /* RingView.swift in Sources */ = {isa = PBXBuildFile; fileRef = C433A89B2786145A0044DC7F /* RingView.swift */; };
		C439E9E82788C3E400CE03EC /* CourseDetail.swift in Sources */ = {isa = PBXBuildFile; fileRef = C439E9E72788C3E400CE03EC /* CourseDetail.swift */; };
		C439E9EA27943BD600CE03EC /* Data.swift in Sources */ = {isa = PBXBuildFile; fileRef = C439E9E927943BD600CE03EC /* Data.swift */; };
		C4D6F6BD2786241A008BAEB2 /* Modifiers.swift in Sources */ = {isa = PBXBuildFile; fileRef = C4D6F6BC2786241A008BAEB2 /* Modifiers.swift */; };
		C4D6F6C927862793008BAEB2 /* WorkSans-Regular.ttf in Resources */ = {isa = PBXBuildFile; fileRef = C4D6F6BF27862793008BAEB2 /* WorkSans-Regular.ttf */; };
		C4D6F6CA27862793008BAEB2 /* WorkSans-Light.ttf in Resources */ = {isa = PBXBuildFile; fileRef = C4D6F6C027862793008BAEB2 /* WorkSans-Light.ttf */; };
		C4D6F6CB27862793008BAEB2 /* WorkSans-ExtraBold.ttf in Resources */ = {isa = PBXBuildFile; fileRef = C4D6F6C127862793008BAEB2 /* WorkSans-ExtraBold.ttf */; };
		C4D6F6CC27862793008BAEB2 /* WorkSans-ExtraLight.ttf in Resources */ = {isa = PBXBuildFile; fileRef = C4D6F6C227862793008BAEB2 /* WorkSans-ExtraLight.ttf */; };
		C4D6F6CD27862793008BAEB2 /* WorkSans-Medium.ttf in Resources */ = {isa = PBXBuildFile; fileRef = C4D6F6C327862793008BAEB2 /* WorkSans-Medium.ttf */; };
		C4D6F6CE27862793008BAEB2 /* WorkSans-SemiBold.ttf in Resources */ = {isa = PBXBuildFile; fileRef = C4D6F6C427862793008BAEB2 /* WorkSans-SemiBold.ttf */; };
		C4D6F6CF27862793008BAEB2 /* OFL.txt in Resources */ = {isa = PBXBuildFile; fileRef = C4D6F6C527862793008BAEB2 /* OFL.txt */; };
		C4D6F6D027862793008BAEB2 /* WorkSans-Thin.ttf in Resources */ = {isa = PBXBuildFile; fileRef = C4D6F6C627862793008BAEB2 /* WorkSans-Thin.ttf */; };
		C4D6F6D127862793008BAEB2 /* WorkSans-Black.ttf in Resources */ = {isa = PBXBuildFile; fileRef = C4D6F6C727862793008BAEB2 /* WorkSans-Black.ttf */; };
		C4D6F6D227862793008BAEB2 /* WorkSans-Bold.ttf in Resources */ = {isa = PBXBuildFile; fileRef = C4D6F6C827862793008BAEB2 /* WorkSans-Bold.ttf */; };
		C4D6F6D527876F24008BAEB2 /* CourseList.swift in Sources */ = {isa = PBXBuildFile; fileRef = C4D6F6D427876F24008BAEB2 /* CourseList.swift */; };
		C4DB5EFA2795E55C00482F4E /* Buttons.swift in Sources */ = {isa = PBXBuildFile; fileRef = C4DB5EF92795E55C00482F4E /* Buttons.swift */; };
		C4FC1CB6277C889C000362CF /* DesignCodeApp.swift in Sources */ = {isa = PBXBuildFile; fileRef = C4FC1CB5277C889C000362CF /* DesignCodeApp.swift */; };
		C4FC1CB8277C889C000362CF /* ContentView.swift in Sources */ = {isa = PBXBuildFile; fileRef = C4FC1CB7277C889C000362CF /* ContentView.swift */; };
		C4FC1CBA277C889D000362CF /* Assets.xcassets in Resources */ = {isa = PBXBuildFile; fileRef = C4FC1CB9277C889D000362CF /* Assets.xcassets */; };
		C4FC1CBD277C889D000362CF /* Preview Assets.xcassets in Resources */ = {isa = PBXBuildFile; fileRef = C4FC1CBC277C889D000362CF /* Preview Assets.xcassets */; };
		C4FC1CC4277CA81C000362CF /* MenuView.swift in Sources */ = {isa = PBXBuildFile; fileRef = C4FC1CC3277CA81C000362CF /* MenuView.swift */; };
		C4FC1CC6277CC0CF000362CF /* Home.swift in Sources */ = {isa = PBXBuildFile; fileRef = C4FC1CC5277CC0CF000362CF /* Home.swift */; };
/* End PBXBuildFile section */

/* Begin PBXFileReference section */
		C402AABE27945CF2003FC118 /* BlurView.swift */ = {isa = PBXFileReference; lastKnownFileType = sourcecode.swift; path = BlurView.swift; sourceTree = "<group>"; };
		C40DB11927943DD9002BFBA9 /* PostList.swift */ = {isa = PBXFileReference; lastKnownFileType = sourcecode.swift; path = PostList.swift; sourceTree = "<group>"; };
		C40DB11B2794407E002BFBA9 /* DataStore.swift */ = {isa = PBXFileReference; lastKnownFileType = sourcecode.swift; path = DataStore.swift; sourceTree = "<group>"; };
		C40DB12027944D9D002BFBA9 /* CourseStore.swift */ = {isa = PBXFileReference; lastKnownFileType = sourcecode.swift; path = CourseStore.swift; sourceTree = "<group>"; };
		C421618E279736E200055754 /* LoginView.swift */ = {isa = PBXFileReference; lastKnownFileType = sourcecode.swift; path = LoginView.swift; sourceTree = "<group>"; };
		C421619127974C5400055754 /* loading.json */ = {isa = PBXFileReference; fileEncoding = 4; lastKnownFileType = text.json; path = loading.json; sourceTree = "<group>"; };
		C421619227974C5400055754 /* success.json */ = {isa = PBXFileReference; fileEncoding = 4; lastKnownFileType = text.json; path = success.json; sourceTree = "<group>"; };
		C421619827974CA600055754 /* LottieView.swift */ = {isa = PBXFileReference; lastKnownFileType = sourcecode.swift; path = LottieView.swift; sourceTree = "<group>"; };
		C421619A27974E9B00055754 /* LoadingView.swift */ = {isa = PBXFileReference; lastKnownFileType = sourcecode.swift; path = LoadingView.swift; sourceTree = "<group>"; };
		C421619C2797527100055754 /* SuccessView.swift */ = {isa = PBXFileReference; lastKnownFileType = sourcecode.swift; path = SuccessView.swift; sourceTree = "<group>"; };
		C433A891277DE1E00044DC7F /* HomeView.swift */ = {isa = PBXFileReference; lastKnownFileType = sourcecode.swift; path = HomeView.swift; sourceTree = "<group>"; };
		C433A893277DF2020044DC7F /* UpdateList.swift */ = {isa = PBXFileReference; lastKnownFileType = sourcecode.swift; path = UpdateList.swift; sourceTree = "<group>"; };
		C433A895277DFA0E0044DC7F /* UpdateDetail.swift */ = {isa = PBXFileReference; lastKnownFileType = sourcecode.swift; path = UpdateDetail.swift; sourceTree = "<group>"; };
		C433A897277DFCA90044DC7F /* UpdateStore.swift */ = {isa = PBXFileReference; lastKnownFileType = sourcecode.swift; path = UpdateStore.swift; sourceTree = "<group>"; };
		C433A899277E04BE0044DC7F /* TabBar.swift */ = {isa = PBXFileReference; lastKnownFileType = sourcecode.swift; path = TabBar.swift; sourceTree = "<group>"; };
		C433A89B2786145A0044DC7F /* RingView.swift */ = {isa = PBXFileReference; lastKnownFileType = sourcecode.swift; path = RingView.swift; sourceTree = "<group>"; };
		C439E9E72788C3E400CE03EC /* CourseDetail.swift */ = {isa = PBXFileReference; lastKnownFileType = sourcecode.swift; path = CourseDetail.swift; sourceTree = "<group>"; };
		C439E9E927943BD600CE03EC /* Data.swift */ = {isa = PBXFileReference; lastKnownFileType = sourcecode.swift; path = Data.swift; sourceTree = "<group>"; };
		C4D6F6BC2786241A008BAEB2 /* Modifiers.swift */ = {isa = PBXFileReference; lastKnownFileType = sourcecode.swift; path = Modifiers.swift; sourceTree = "<group>"; };
		C4D6F6BF27862793008BAEB2 /* WorkSans-Regular.ttf */ = {isa = PBXFileReference; lastKnownFileType = file; path = "WorkSans-Regular.ttf"; sourceTree = "<group>"; };
		C4D6F6C027862793008BAEB2 /* WorkSans-Light.ttf */ = {isa = PBXFileReference; lastKnownFileType = file; path = "WorkSans-Light.ttf"; sourceTree = "<group>"; };
		C4D6F6C127862793008BAEB2 /* WorkSans-ExtraBold.ttf */ = {isa = PBXFileReference; lastKnownFileType = file; path = "WorkSans-ExtraBold.ttf"; sourceTree = "<group>"; };
		C4D6F6C227862793008BAEB2 /* WorkSans-ExtraLight.ttf */ = {isa = PBXFileReference; lastKnownFileType = file; path = "WorkSans-ExtraLight.ttf"; sourceTree = "<group>"; };
		C4D6F6C327862793008BAEB2 /* WorkSans-Medium.ttf */ = {isa = PBXFileReference; lastKnownFileType = file; path = "WorkSans-Medium.ttf"; sourceTree = "<group>"; };
		C4D6F6C427862793008BAEB2 /* WorkSans-SemiBold.ttf */ = {isa = PBXFileReference; lastKnownFileType = file; path = "WorkSans-SemiBold.ttf"; sourceTree = "<group>"; };
		C4D6F6C527862793008BAEB2 /* OFL.txt */ = {isa = PBXFileReference; fileEncoding = 4; lastKnownFileType = text; path = OFL.txt; sourceTree = "<group>"; };
		C4D6F6C627862793008BAEB2 /* WorkSans-Thin.ttf */ = {isa = PBXFileReference; lastKnownFileType = file; path = "WorkSans-Thin.ttf"; sourceTree = "<group>"; };
		C4D6F6C727862793008BAEB2 /* WorkSans-Black.ttf */ = {isa = PBXFileReference; lastKnownFileType = file; path = "WorkSans-Black.ttf"; sourceTree = "<group>"; };
		C4D6F6C827862793008BAEB2 /* WorkSans-Bold.ttf */ = {isa = PBXFileReference; lastKnownFileType = file; path = "WorkSans-Bold.ttf"; sourceTree = "<group>"; };
		C4D6F6D327862863008BAEB2 /* Info.plist */ = {isa = PBXFileReference; lastKnownFileType = text.plist; path = Info.plist; sourceTree = "<group>"; };
		C4D6F6D427876F24008BAEB2 /* CourseList.swift */ = {isa = PBXFileReference; lastKnownFileType = sourcecode.swift; path = CourseList.swift; sourceTree = "<group>"; };
		C4DB5EF92795E55C00482F4E /* Buttons.swift */ = {isa = PBXFileReference; lastKnownFileType = sourcecode.swift; path = Buttons.swift; sourceTree = "<group>"; };
		C4FC1CB2277C889C000362CF /* DesignCode.app */ = {isa = PBXFileReference; explicitFileType = wrapper.application; includeInIndex = 0; path = DesignCode.app; sourceTree = BUILT_PRODUCTS_DIR; };
		C4FC1CB5277C889C000362CF /* DesignCodeApp.swift */ = {isa = PBXFileReference; lastKnownFileType = sourcecode.swift; path = DesignCodeApp.swift; sourceTree = "<group>"; };
		C4FC1CB7277C889C000362CF /* ContentView.swift */ = {isa = PBXFileReference; lastKnownFileType = sourcecode.swift; path = ContentView.swift; sourceTree = "<group>"; };
		C4FC1CB9277C889D000362CF /* Assets.xcassets */ = {isa = PBXFileReference; lastKnownFileType = folder.assetcatalog; path = Assets.xcassets; sourceTree = "<group>"; };
		C4FC1CBC277C889D000362CF /* Preview Assets.xcassets */ = {isa = PBXFileReference; lastKnownFileType = folder.assetcatalog; path = "Preview Assets.xcassets"; sourceTree = "<group>"; };
		C4FC1CC3277CA81C000362CF /* MenuView.swift */ = {isa = PBXFileReference; lastKnownFileType = sourcecode.swift; path = MenuView.swift; sourceTree = "<group>"; };
		C4FC1CC5277CC0CF000362CF /* Home.swift */ = {isa = PBXFileReference; lastKnownFileType = sourcecode.swift; path = Home.swift; sourceTree = "<group>"; };
/* End PBXFileReference section */

/* Begin PBXFrameworksBuildPhase section */
		C4FC1CAF277C889C000362CF /* Frameworks */ = {
			isa = PBXFrameworksBuildPhase;
			buildActionMask = 2147483647;
			files = (
				C40DB1242794574C002BFBA9 /* SDWebImageSwiftUI in Frameworks */,
				C40DB11F2794478D002BFBA9 /* Contentful in Frameworks */,
				C421619727974C7600055754 /* Lottie in Frameworks */,
			);
			runOnlyForDeploymentPostprocessing = 0;
		};
/* End PBXFrameworksBuildPhase section */

/* Begin PBXGroup section */
		C421619027974C5400055754 /* Lottie */ = {
			isa = PBXGroup;
			children = (
				C421619127974C5400055754 /* loading.json */,
				C421619227974C5400055754 /* success.json */,
			);
			path = Lottie;
			sourceTree = "<group>";
		};
		C4D6F6BE27862793008BAEB2 /* Work_Sans */ = {
			isa = PBXGroup;
			children = (
				C4D6F6BF27862793008BAEB2 /* WorkSans-Regular.ttf */,
				C4D6F6C027862793008BAEB2 /* WorkSans-Light.ttf */,
				C4D6F6C127862793008BAEB2 /* WorkSans-ExtraBold.ttf */,
				C4D6F6C227862793008BAEB2 /* WorkSans-ExtraLight.ttf */,
				C4D6F6C327862793008BAEB2 /* WorkSans-Medium.ttf */,
				C4D6F6C427862793008BAEB2 /* WorkSans-SemiBold.ttf */,
				C4D6F6C527862793008BAEB2 /* OFL.txt */,
				C4D6F6C627862793008BAEB2 /* WorkSans-Thin.ttf */,
				C4D6F6C727862793008BAEB2 /* WorkSans-Black.ttf */,
				C4D6F6C827862793008BAEB2 /* WorkSans-Bold.ttf */,
			);
			path = Work_Sans;
			sourceTree = "<group>";
		};
		C4FC1CA9277C889C000362CF = {
			isa = PBXGroup;
			children = (
				C4FC1CB4277C889C000362CF /* DesignCode */,
				C4FC1CB3277C889C000362CF /* Products */,
			);
			sourceTree = "<group>";
		};
		C4FC1CB3277C889C000362CF /* Products */ = {
			isa = PBXGroup;
			children = (
				C4FC1CB2277C889C000362CF /* DesignCode.app */,
			);
			name = Products;
			sourceTree = "<group>";
		};
		C4FC1CB4277C889C000362CF /* DesignCode */ = {
			isa = PBXGroup;
			children = (
				C4D6F6D327862863008BAEB2 /* Info.plist */,
				C4FC1CB5277C889C000362CF /* DesignCodeApp.swift */,
				C4FC1CB7277C889C000362CF /* ContentView.swift */,
				C433A89B2786145A0044DC7F /* RingView.swift */,
				C4D6F6BC2786241A008BAEB2 /* Modifiers.swift */,
				C4FC1CC3277CA81C000362CF /* MenuView.swift */,
				C4FC1CC5277CC0CF000362CF /* Home.swift */,
				C433A891277DE1E00044DC7F /* HomeView.swift */,
				C421618E279736E200055754 /* LoginView.swift */,
				C4D6F6D427876F24008BAEB2 /* CourseList.swift */,
				C40DB12027944D9D002BFBA9 /* CourseStore.swift */,
				C439E9E72788C3E400CE03EC /* CourseDetail.swift */,
				C433A893277DF2020044DC7F /* UpdateList.swift */,
				C433A897277DFCA90044DC7F /* UpdateStore.swift */,
				C439E9E927943BD600CE03EC /* Data.swift */,
				C40DB11B2794407E002BFBA9 /* DataStore.swift */,
				C40DB11927943DD9002BFBA9 /* PostList.swift */,
				C433A895277DFA0E0044DC7F /* UpdateDetail.swift */,
				C433A899277E04BE0044DC7F /* TabBar.swift */,
				C402AABE27945CF2003FC118 /* BlurView.swift */,
				C421619827974CA600055754 /* LottieView.swift */,
				C421619A27974E9B00055754 /* LoadingView.swift */,
				C421619C2797527100055754 /* SuccessView.swift */,
				C4DB5EF92795E55C00482F4E /* Buttons.swift */,
				C421619027974C5400055754 /* Lottie */,
				C4FC1CB9277C889D000362CF /* Assets.xcassets */,
				C4D6F6BE27862793008BAEB2 /* Work_Sans */,
				C4FC1CBB277C889D000362CF /* Preview Content */,
			);
			path = DesignCode;
			sourceTree = "<group>";
		};
		C4FC1CBB277C889D000362CF /* Preview Content */ = {
			isa = PBXGroup;
			children = (
				C4FC1CBC277C889D000362CF /* Preview Assets.xcassets */,
			);
			path = "Preview Content";
			sourceTree = "<group>";
		};
/* End PBXGroup section */

/* Begin PBXNativeTarget section */
		C4FC1CB1277C889C000362CF /* DesignCode */ = {
			isa = PBXNativeTarget;
			buildConfigurationList = C4FC1CC0277C889D000362CF /* Build configuration list for PBXNativeTarget "DesignCode" */;
			buildPhases = (
				C4FC1CAE277C889C000362CF /* Sources */,
				C4FC1CAF277C889C000362CF /* Frameworks */,
				C4FC1CB0277C889C000362CF /* Resources */,
			);
			buildRules = (
			);
			dependencies = (
			);
			name = DesignCode;
			packageProductDependencies = (
				C40DB11E2794478D002BFBA9 /* Contentful */,
				C40DB1232794574C002BFBA9 /* SDWebImageSwiftUI */,
				C421619627974C7600055754 /* Lottie */,
			);
			productName = DesignCode;
			productReference = C4FC1CB2277C889C000362CF /* DesignCode.app */;
			productType = "com.apple.product-type.application";
		};
/* End PBXNativeTarget section */

/* Begin PBXProject section */
		C4FC1CAA277C889C000362CF /* Project object */ = {
			isa = PBXProject;
			attributes = {
				BuildIndependentTargetsInParallel = 1;
				LastSwiftUpdateCheck = 1310;
				LastUpgradeCheck = 1310;
				TargetAttributes = {
					C4FC1CB1277C889C000362CF = {
						CreatedOnToolsVersion = 13.1;
					};
				};
			};
			buildConfigurationList = C4FC1CAD277C889C000362CF /* Build configuration list for PBXProject "DesignCode" */;
			compatibilityVersion = "Xcode 13.0";
			developmentRegion = en;
			hasScannedForEncodings = 0;
			knownRegions = (
				en,
				Base,
			);
			mainGroup = C4FC1CA9277C889C000362CF;
			packageReferences = (
				C40DB11D2794478D002BFBA9 /* XCRemoteSwiftPackageReference "contentful.swift" */,
				C40DB1222794574C002BFBA9 /* XCRemoteSwiftPackageReference "SDWebImageSwiftUI" */,
				C421619527974C7600055754 /* XCRemoteSwiftPackageReference "lottie-ios" */,
			);
			productRefGroup = C4FC1CB3277C889C000362CF /* Products */;
			projectDirPath = "";
			projectRoot = "";
			targets = (
				C4FC1CB1277C889C000362CF /* DesignCode */,
			);
		};
/* End PBXProject section */

/* Begin PBXResourcesBuildPhase section */
		C4FC1CB0277C889C000362CF /* Resources */ = {
			isa = PBXResourcesBuildPhase;
			buildActionMask = 2147483647;
			files = (
				C4D6F6C927862793008BAEB2 /* WorkSans-Regular.ttf in Resources */,
				C4FC1CBD277C889D000362CF /* Preview Assets.xcassets in Resources */,
				C4FC1CBA277C889D000362CF /* Assets.xcassets in Resources */,
				C4D6F6D027862793008BAEB2 /* WorkSans-Thin.ttf in Resources */,
				C4D6F6CF27862793008BAEB2 /* OFL.txt in Resources */,
				C4D6F6CB27862793008BAEB2 /* WorkSans-ExtraBold.ttf in Resources */,
				C421619327974C5500055754 /* loading.json in Resources */,
				C4D6F6CC27862793008BAEB2 /* WorkSans-ExtraLight.ttf in Resources */,
				C4D6F6CE27862793008BAEB2 /* WorkSans-SemiBold.ttf in Resources */,
				C4D6F6CD27862793008BAEB2 /* WorkSans-Medium.ttf in Resources */,
				C4D6F6D127862793008BAEB2 /* WorkSans-Black.ttf in Resources */,
				C421619427974C5500055754 /* success.json in Resources */,
				C4D6F6CA27862793008BAEB2 /* WorkSans-Light.ttf in Resources */,
				C4D6F6D227862793008BAEB2 /* WorkSans-Bold.ttf in Resources */,
			);
			runOnlyForDeploymentPostprocessing = 0;
		};
/* End PBXResourcesBuildPhase section */

/* Begin PBXSourcesBuildPhase section */
		C4FC1CAE277C889C000362CF /* Sources */ = {
			isa = PBXSourcesBuildPhase;
			buildActionMask = 2147483647;
			files = (
				C433A89C2786145A0044DC7F /* RingView.swift in Sources */,
				C40DB11C2794407E002BFBA9 /* DataStore.swift in Sources */,
				C40DB11A27943DD9002BFBA9 /* PostList.swift in Sources */,
				C421619B27974E9B00055754 /* LoadingView.swift in Sources */,
				C4D6F6BD2786241A008BAEB2 /* Modifiers.swift in Sources */,
				C433A89A277E04BE0044DC7F /* TabBar.swift in Sources */,
				C402AABF27945CF2003FC118 /* BlurView.swift in Sources */,
				C433A896277DFA0E0044DC7F /* UpdateDetail.swift in Sources */,
				C4D6F6D527876F24008BAEB2 /* CourseList.swift in Sources */,
				C40DB12127944D9D002BFBA9 /* CourseStore.swift in Sources */,
				C4FC1CB8277C889C000362CF /* ContentView.swift in Sources */,
				C4FC1CC4277CA81C000362CF /* MenuView.swift in Sources */,
				C421619927974CA600055754 /* LottieView.swift in Sources */,
				C439E9EA27943BD600CE03EC /* Data.swift in Sources */,
				C433A894277DF2020044DC7F /* UpdateList.swift in Sources */,
				C433A898277DFCA90044DC7F /* UpdateStore.swift in Sources */,
				C4FC1CC6277CC0CF000362CF /* Home.swift in Sources */,
				C439E9E82788C3E400CE03EC /* CourseDetail.swift in Sources */,
				C4DB5EFA2795E55C00482F4E /* Buttons.swift in Sources */,
				C433A892277DE1E00044DC7F /* HomeView.swift in Sources */,
				C421619D2797527100055754 /* SuccessView.swift in Sources */,
				C421618F279736E200055754 /* LoginView.swift in Sources */,
				C4FC1CB6277C889C000362CF /* DesignCodeApp.swift in Sources */,
			);
			runOnlyForDeploymentPostprocessing = 0;
		};
/* End PBXSourcesBuildPhase section */

/* Begin XCBuildConfiguration section */
		C4FC1CBE277C889D000362CF /* Debug */ = {
			isa = XCBuildConfiguration;
			buildSettings = {
				ALWAYS_SEARCH_USER_PATHS = NO;
				CLANG_ANALYZER_NONNULL = YES;
				CLANG_ANALYZER_NUMBER_OBJECT_CONVERSION = YES_AGGRESSIVE;
				CLANG_CXX_LANGUAGE_STANDARD = "gnu++17";
				CLANG_CXX_LIBRARY = "libc++";
				CLANG_ENABLE_MODULES = YES;
				CLANG_ENABLE_OBJC_ARC = YES;
				CLANG_ENABLE_OBJC_WEAK = YES;
				CLANG_WARN_BLOCK_CAPTURE_AUTORELEASING = YES;
				CLANG_WARN_BOOL_CONVERSION = YES;
				CLANG_WARN_COMMA = YES;
				CLANG_WARN_CONSTANT_CONVERSION = YES;
				CLANG_WARN_DEPRECATED_OBJC_IMPLEMENTATIONS = YES;
				CLANG_WARN_DIRECT_OBJC_ISA_USAGE = YES_ERROR;
				CLANG_WARN_DOCUMENTATION_COMMENTS = YES;
				CLANG_WARN_EMPTY_BODY = YES;
				CLANG_WARN_ENUM_CONVERSION = YES;
				CLANG_WARN_INFINITE_RECURSION = YES;
				CLANG_WARN_INT_CONVERSION = YES;
				CLANG_WARN_NON_LITERAL_NULL_CONVERSION = YES;
				CLANG_WARN_OBJC_IMPLICIT_RETAIN_SELF = YES;
				CLANG_WARN_OBJC_LITERAL_CONVERSION = YES;
				CLANG_WARN_OBJC_ROOT_CLASS = YES_ERROR;
				CLANG_WARN_QUOTED_INCLUDE_IN_FRAMEWORK_HEADER = YES;
				CLANG_WARN_RANGE_LOOP_ANALYSIS = YES;
				CLANG_WARN_STRICT_PROTOTYPES = YES;
				CLANG_WARN_SUSPICIOUS_MOVE = YES;
				CLANG_WARN_UNGUARDED_AVAILABILITY = YES_AGGRESSIVE;
				CLANG_WARN_UNREACHABLE_CODE = YES;
				CLANG_WARN__DUPLICATE_METHOD_MATCH = YES;
				COPY_PHASE_STRIP = NO;
				DEBUG_INFORMATION_FORMAT = dwarf;
				ENABLE_STRICT_OBJC_MSGSEND = YES;
				ENABLE_TESTABILITY = YES;
				GCC_C_LANGUAGE_STANDARD = gnu11;
				GCC_DYNAMIC_NO_PIC = NO;
				GCC_NO_COMMON_BLOCKS = YES;
				GCC_OPTIMIZATION_LEVEL = 0;
				GCC_PREPROCESSOR_DEFINITIONS = (
					"DEBUG=1",
					"$(inherited)",
				);
				GCC_WARN_64_TO_32_BIT_CONVERSION = YES;
				GCC_WARN_ABOUT_RETURN_TYPE = YES_ERROR;
				GCC_WARN_UNDECLARED_SELECTOR = YES;
				GCC_WARN_UNINITIALIZED_AUTOS = YES_AGGRESSIVE;
				GCC_WARN_UNUSED_FUNCTION = YES;
				GCC_WARN_UNUSED_VARIABLE = YES;
				IPHONEOS_DEPLOYMENT_TARGET = 15.0;
				MTL_ENABLE_DEBUG_INFO = INCLUDE_SOURCE;
				MTL_FAST_MATH = YES;
				ONLY_ACTIVE_ARCH = YES;
				SDKROOT = iphoneos;
				SWIFT_ACTIVE_COMPILATION_CONDITIONS = DEBUG;
				SWIFT_OPTIMIZATION_LEVEL = "-Onone";
			};
			name = Debug;
		};
		C4FC1CBF277C889D000362CF /* Release */ = {
			isa = XCBuildConfiguration;
			buildSettings = {
				ALWAYS_SEARCH_USER_PATHS = NO;
				CLANG_ANALYZER_NONNULL = YES;
				CLANG_ANALYZER_NUMBER_OBJECT_CONVERSION = YES_AGGRESSIVE;
				CLANG_CXX_LANGUAGE_STANDARD = "gnu++17";
				CLANG_CXX_LIBRARY = "libc++";
				CLANG_ENABLE_MODULES = YES;
				CLANG_ENABLE_OBJC_ARC = YES;
				CLANG_ENABLE_OBJC_WEAK = YES;
				CLANG_WARN_BLOCK_CAPTURE_AUTORELEASING = YES;
				CLANG_WARN_BOOL_CONVERSION = YES;
				CLANG_WARN_COMMA = YES;
				CLANG_WARN_CONSTANT_CONVERSION = YES;
				CLANG_WARN_DEPRECATED_OBJC_IMPLEMENTATIONS = YES;
				CLANG_WARN_DIRECT_OBJC_ISA_USAGE = YES_ERROR;
				CLANG_WARN_DOCUMENTATION_COMMENTS = YES;
				CLANG_WARN_EMPTY_BODY = YES;
				CLANG_WARN_ENUM_CONVERSION = YES;
				CLANG_WARN_INFINITE_RECURSION = YES;
				CLANG_WARN_INT_CONVERSION = YES;
				CLANG_WARN_NON_LITERAL_NULL_CONVERSION = YES;
				CLANG_WARN_OBJC_IMPLICIT_RETAIN_SELF = YES;
				CLANG_WARN_OBJC_LITERAL_CONVERSION = YES;
				CLANG_WARN_OBJC_ROOT_CLASS = YES_ERROR;
				CLANG_WARN_QUOTED_INCLUDE_IN_FRAMEWORK_HEADER = YES;
				CLANG_WARN_RANGE_LOOP_ANALYSIS = YES;
				CLANG_WARN_STRICT_PROTOTYPES = YES;
				CLANG_WARN_SUSPICIOUS_MOVE = YES;
				CLANG_WARN_UNGUARDED_AVAILABILITY = YES_AGGRESSIVE;
				CLANG_WARN_UNREACHABLE_CODE = YES;
				CLANG_WARN__DUPLICATE_METHOD_MATCH = YES;
				COPY_PHASE_STRIP = NO;
				DEBUG_INFORMATION_FORMAT = "dwarf-with-dsym";
				ENABLE_NS_ASSERTIONS = NO;
				ENABLE_STRICT_OBJC_MSGSEND = YES;
				GCC_C_LANGUAGE_STANDARD = gnu11;
				GCC_NO_COMMON_BLOCKS = YES;
				GCC_WARN_64_TO_32_BIT_CONVERSION = YES;
				GCC_WARN_ABOUT_RETURN_TYPE = YES_ERROR;
				GCC_WARN_UNDECLARED_SELECTOR = YES;
				GCC_WARN_UNINITIALIZED_AUTOS = YES_AGGRESSIVE;
				GCC_WARN_UNUSED_FUNCTION = YES;
				GCC_WARN_UNUSED_VARIABLE = YES;
				IPHONEOS_DEPLOYMENT_TARGET = 15.0;
				MTL_ENABLE_DEBUG_INFO = NO;
				MTL_FAST_MATH = YES;
				SDKROOT = iphoneos;
				SWIFT_COMPILATION_MODE = wholemodule;
				SWIFT_OPTIMIZATION_LEVEL = "-O";
				VALIDATE_PRODUCT = YES;
			};
			name = Release;
		};
		C4FC1CC1277C889D000362CF /* Debug */ = {
			isa = XCBuildConfiguration;
			buildSettings = {
				ASSETCATALOG_COMPILER_APPICON_NAME = AppIcon;
				ASSETCATALOG_COMPILER_GLOBAL_ACCENT_COLOR_NAME = AccentColor;
				CODE_SIGN_STYLE = Automatic;
				CURRENT_PROJECT_VERSION = 1;
				DEVELOPMENT_ASSET_PATHS = "\"DesignCode/Preview Content\"";
				DEVELOPMENT_TEAM = J4JD84FNLS;
				ENABLE_PREVIEWS = YES;
				GENERATE_INFOPLIST_FILE = YES;
				INFOPLIST_FILE = DesignCode/Info.plist;
				INFOPLIST_KEY_UIApplicationSceneManifest_Generation = YES;
				INFOPLIST_KEY_UIApplicationSupportsIndirectInputEvents = YES;
				INFOPLIST_KEY_UILaunchScreen_Generation = YES;
				INFOPLIST_KEY_UISupportedInterfaceOrientations_iPad = "UIInterfaceOrientationPortrait UIInterfaceOrientationPortraitUpsideDown UIInterfaceOrientationLandscapeLeft UIInterfaceOrientationLandscapeRight";
				INFOPLIST_KEY_UISupportedInterfaceOrientations_iPhone = "UIInterfaceOrientationPortrait UIInterfaceOrientationPortrait UIInterfaceOrientationLandscapeLeft UIInterfaceOrientationLandscapeRight";
				LD_RUNPATH_SEARCH_PATHS = (
					"$(inherited)",
					"@executable_path/Frameworks",
				);
				MARKETING_VERSION = 1.0;
				PRODUCT_BUNDLE_IDENTIFIER = com.nickrice.DesignCode;
				PRODUCT_NAME = "$(TARGET_NAME)";
				SWIFT_EMIT_LOC_STRINGS = YES;
				SWIFT_VERSION = 5.0;
				TARGETED_DEVICE_FAMILY = "1,2";
			};
			name = Debug;
		};
		C4FC1CC2277C889D000362CF /* Release */ = {
			isa = XCBuildConfiguration;
			buildSettings = {
				ASSETCATALOG_COMPILER_APPICON_NAME = AppIcon;
				ASSETCATALOG_COMPILER_GLOBAL_ACCENT_COLOR_NAME = AccentColor;
				CODE_SIGN_STYLE = Automatic;
				CURRENT_PROJECT_VERSION = 1;
				DEVELOPMENT_ASSET_PATHS = "\"DesignCode/Preview Content\"";
				DEVELOPMENT_TEAM = J4JD84FNLS;
				ENABLE_PREVIEWS = YES;
				GENERATE_INFOPLIST_FILE = YES;
				INFOPLIST_FILE = DesignCode/Info.plist;
				INFOPLIST_KEY_UIApplicationSceneManifest_Generation = YES;
				INFOPLIST_KEY_UIApplicationSupportsIndirectInputEvents = YES;
				INFOPLIST_KEY_UILaunchScreen_Generation = YES;
				INFOPLIST_KEY_UISupportedInterfaceOrientations_iPad = "UIInterfaceOrientationPortrait UIInterfaceOrientationPortraitUpsideDown UIInterfaceOrientationLandscapeLeft UIInterfaceOrientationLandscapeRight";
				INFOPLIST_KEY_UISupportedInterfaceOrientations_iPhone = "UIInterfaceOrientationPortrait UIInterfaceOrientationPortrait UIInterfaceOrientationLandscapeLeft UIInterfaceOrientationLandscapeRight";
				LD_RUNPATH_SEARCH_PATHS = (
					"$(inherited)",
					"@executable_path/Frameworks",
				);
				MARKETING_VERSION = 1.0;
				PRODUCT_BUNDLE_IDENTIFIER = com.nickrice.DesignCode;
				PRODUCT_NAME = "$(TARGET_NAME)";
				SWIFT_EMIT_LOC_STRINGS = YES;
				SWIFT_VERSION = 5.0;
				TARGETED_DEVICE_FAMILY = "1,2";
			};
			name = Release;
		};
/* End XCBuildConfiguration section */

/* Begin XCConfigurationList section */
		C4FC1CAD277C889C000362CF /* Build configuration list for PBXProject "DesignCode" */ = {
			isa = XCConfigurationList;
			buildConfigurations = (
				C4FC1CBE277C889D000362CF /* Debug */,
				C4FC1CBF277C889D000362CF /* Release */,
			);
			defaultConfigurationIsVisible = 0;
			defaultConfigurationName = Release;
		};
		C4FC1CC0277C889D000362CF /* Build configuration list for PBXNativeTarget "DesignCode" */ = {
			isa = XCConfigurationList;
			buildConfigurations = (
				C4FC1CC1277C889D000362CF /* Debug */,
				C4FC1CC2277C889D000362CF /* Release */,
			);
			defaultConfigurationIsVisible = 0;
			defaultConfigurationName = Release;
		};
/* End XCConfigurationList section */

/* Begin XCRemoteSwiftPackageReference section */
		C40DB11D2794478D002BFBA9 /* XCRemoteSwiftPackageReference "contentful.swift" */ = {
			isa = XCRemoteSwiftPackageReference;
			repositoryURL = "https://github.com/contentful/contentful.swift.git";
			requirement = {
				kind = upToNextMajorVersion;
				minimumVersion = 5.0.0;
			};
		};
		C40DB1222794574C002BFBA9 /* XCRemoteSwiftPackageReference "SDWebImageSwiftUI" */ = {
			isa = XCRemoteSwiftPackageReference;
			repositoryURL = "https://github.com/SDWebImage/SDWebImageSwiftUI.git";
			requirement = {
				kind = upToNextMajorVersion;
				minimumVersion = 2.0.0;
			};
		};
		C421619527974C7600055754 /* XCRemoteSwiftPackageReference "lottie-ios" */ = {
			isa = XCRemoteSwiftPackageReference;
			repositoryURL = "https://github.com/airbnb/lottie-ios.git";
			requirement = {
				kind = upToNextMajorVersion;
				minimumVersion = 3.0.0;
			};
		};
/* End XCRemoteSwiftPackageReference section */

/* Begin XCSwiftPackageProductDependency section */
		C40DB11E2794478D002BFBA9 /* Contentful */ = {
			isa = XCSwiftPackageProductDependency;
			package = C40DB11D2794478D002BFBA9 /* XCRemoteSwiftPackageReference "contentful.swift" */;
			productName = Contentful;
		};
		C40DB1232794574C002BFBA9 /* SDWebImageSwiftUI */ = {
			isa = XCSwiftPackageProductDependency;
			package = C40DB1222794574C002BFBA9 /* XCRemoteSwiftPackageReference "SDWebImageSwiftUI" */;
			productName = SDWebImageSwiftUI;
		};
		C421619627974C7600055754 /* Lottie */ = {
			isa = XCSwiftPackageProductDependency;
			package = C421619527974C7600055754 /* XCRemoteSwiftPackageReference "lottie-ios" */;
			productName = Lottie;
		};
/* End XCSwiftPackageProductDependency section */
	};
	rootObject = C4FC1CAA277C889C000362CF /* Project object */;
}
